PODS:
  - boost-for-react-native (1.63.0)
  - BVLinearGradient (2.5.6):
    - React
  - DoubleConversion (1.1.6)
  - FBLazyVector (0.64.3)
  - FBReactNativeSpec (0.64.3):
    - RCT-Folly (= 2020.01.13.00)
    - RCTRequired (= 0.64.3)
    - RCTTypeSafety (= 0.64.3)
    - React-Core (= 0.64.3)
    - React-jsi (= 0.64.3)
    - ReactCommon/turbomodule/core (= 0.64.3)
  - glog (0.3.5)
  - Permission-Calendars (3.3.1):
    - RNPermissions
  - Permission-Camera (3.3.1):
    - RNPermissions
  - Permission-LocationAccuracy (3.3.1):
    - RNPermissions
  - Permission-LocationAlways (3.3.1):
    - RNPermissions
  - Permission-LocationWhenInUse (3.3.1):
    - RNPermissions
  - Permission-MediaLibrary (3.3.1):
    - RNPermissions
  - Permission-Microphone (3.3.1):
    - RNPermissions
  - Permission-Notifications (3.3.1):
    - RNPermissions
  - Permission-PhotoLibrary (3.3.1):
    - RNPermissions
  - Permission-PhotoLibraryAddOnly (3.3.1):
    - RNPermissions
  - RCT-Folly (2020.01.13.00):
    - boost-for-react-native
    - DoubleConversion
    - glog
    - RCT-Folly/Default (= 2020.01.13.00)
  - RCT-Folly/Default (2020.01.13.00):
    - boost-for-react-native
    - DoubleConversion
    - glog
  - RCTRequired (0.64.3)
  - RCTTypeSafety (0.64.3):
    - FBLazyVector (= 0.64.3)
    - RCT-Folly (= 2020.01.13.00)
    - RCTRequired (= 0.64.3)
    - React-Core (= 0.64.3)
  - React (0.64.3):
    - React-Core (= 0.64.3)
    - React-Core/DevSupport (= 0.64.3)
    - React-Core/RCTWebSocket (= 0.64.3)
    - React-RCTActionSheet (= 0.64.3)
    - React-RCTAnimation (= 0.64.3)
    - React-RCTBlob (= 0.64.3)
    - React-RCTImage (= 0.64.3)
    - React-RCTLinking (= 0.64.3)
    - React-RCTNetwork (= 0.64.3)
    - React-RCTSettings (= 0.64.3)
    - React-RCTText (= 0.64.3)
    - React-RCTVibration (= 0.64.3)
  - React-callinvoker (0.64.3)
  - React-Core (0.64.3):
    - glog
    - RCT-Folly (= 2020.01.13.00)
    - React-Core/Default (= 0.64.3)
    - React-cxxreact (= 0.64.3)
    - React-jsi (= 0.64.3)
    - React-jsiexecutor (= 0.64.3)
    - React-perflogger (= 0.64.3)
    - Yoga
  - React-Core/CoreModulesHeaders (0.64.3):
    - glog
    - RCT-Folly (= 2020.01.13.00)
    - React-Core/Default
    - React-cxxreact (= 0.64.3)
    - React-jsi (= 0.64.3)
    - React-jsiexecutor (= 0.64.3)
    - React-perflogger (= 0.64.3)
    - Yoga
  - React-Core/Default (0.64.3):
    - glog
    - RCT-Folly (= 2020.01.13.00)
    - React-cxxreact (= 0.64.3)
    - React-jsi (= 0.64.3)
    - React-jsiexecutor (= 0.64.3)
    - React-perflogger (= 0.64.3)
    - Yoga
  - React-Core/DevSupport (0.64.3):
    - glog
    - RCT-Folly (= 2020.01.13.00)
    - React-Core/Default (= 0.64.3)
    - React-Core/RCTWebSocket (= 0.64.3)
    - React-cxxreact (= 0.64.3)
    - React-jsi (= 0.64.3)
    - React-jsiexecutor (= 0.64.3)
    - React-jsinspector (= 0.64.3)
    - React-perflogger (= 0.64.3)
    - Yoga
  - React-Core/RCTActionSheetHeaders (0.64.3):
    - glog
    - RCT-Folly (= 2020.01.13.00)
    - React-Core/Default
    - React-cxxreact (= 0.64.3)
    - React-jsi (= 0.64.3)
    - React-jsiexecutor (= 0.64.3)
    - React-perflogger (= 0.64.3)
    - Yoga
  - React-Core/RCTAnimationHeaders (0.64.3):
    - glog
    - RCT-Folly (= 2020.01.13.00)
    - React-Core/Default
    - React-cxxreact (= 0.64.3)
    - React-jsi (= 0.64.3)
    - React-jsiexecutor (= 0.64.3)
    - React-perflogger (= 0.64.3)
    - Yoga
  - React-Core/RCTBlobHeaders (0.64.3):
    - glog
    - RCT-Folly (= 2020.01.13.00)
    - React-Core/Default
    - React-cxxreact (= 0.64.3)
    - React-jsi (= 0.64.3)
    - React-jsiexecutor (= 0.64.3)
    - React-perflogger (= 0.64.3)
    - Yoga
  - React-Core/RCTImageHeaders (0.64.3):
    - glog
    - RCT-Folly (= 2020.01.13.00)
    - React-Core/Default
    - React-cxxreact (= 0.64.3)
    - React-jsi (= 0.64.3)
    - React-jsiexecutor (= 0.64.3)
    - React-perflogger (= 0.64.3)
    - Yoga
  - React-Core/RCTLinkingHeaders (0.64.3):
    - glog
    - RCT-Folly (= 2020.01.13.00)
    - React-Core/Default
    - React-cxxreact (= 0.64.3)
    - React-jsi (= 0.64.3)
    - React-jsiexecutor (= 0.64.3)
    - React-perflogger (= 0.64.3)
    - Yoga
  - React-Core/RCTNetworkHeaders (0.64.3):
    - glog
    - RCT-Folly (= 2020.01.13.00)
    - React-Core/Default
    - React-cxxreact (= 0.64.3)
    - React-jsi (= 0.64.3)
    - React-jsiexecutor (= 0.64.3)
    - React-perflogger (= 0.64.3)
    - Yoga
  - React-Core/RCTSettingsHeaders (0.64.3):
    - glog
    - RCT-Folly (= 2020.01.13.00)
    - React-Core/Default
    - React-cxxreact (= 0.64.3)
    - React-jsi (= 0.64.3)
    - React-jsiexecutor (= 0.64.3)
    - React-perflogger (= 0.64.3)
    - Yoga
  - React-Core/RCTTextHeaders (0.64.3):
    - glog
    - RCT-Folly (= 2020.01.13.00)
    - React-Core/Default
    - React-cxxreact (= 0.64.3)
    - React-jsi (= 0.64.3)
    - React-jsiexecutor (= 0.64.3)
    - React-perflogger (= 0.64.3)
    - Yoga
  - React-Core/RCTVibrationHeaders (0.64.3):
    - glog
    - RCT-Folly (= 2020.01.13.00)
    - React-Core/Default
    - React-cxxreact (= 0.64.3)
    - React-jsi (= 0.64.3)
    - React-jsiexecutor (= 0.64.3)
    - React-perflogger (= 0.64.3)
    - Yoga
  - React-Core/RCTWebSocket (0.64.3):
    - glog
    - RCT-Folly (= 2020.01.13.00)
    - React-Core/Default (= 0.64.3)
    - React-cxxreact (= 0.64.3)
    - React-jsi (= 0.64.3)
    - React-jsiexecutor (= 0.64.3)
    - React-perflogger (= 0.64.3)
    - Yoga
  - React-CoreModules (0.64.3):
    - FBReactNativeSpec (= 0.64.3)
    - RCT-Folly (= 2020.01.13.00)
    - RCTTypeSafety (= 0.64.3)
    - React-Core/CoreModulesHeaders (= 0.64.3)
    - React-jsi (= 0.64.3)
    - React-RCTImage (= 0.64.3)
    - ReactCommon/turbomodule/core (= 0.64.3)
  - React-cxxreact (0.64.3):
    - boost-for-react-native (= 1.63.0)
    - DoubleConversion
    - glog
    - RCT-Folly (= 2020.01.13.00)
    - React-callinvoker (= 0.64.3)
    - React-jsi (= 0.64.3)
    - React-jsinspector (= 0.64.3)
    - React-perflogger (= 0.64.3)
    - React-runtimeexecutor (= 0.64.3)
  - React-jsi (0.64.3):
    - boost-for-react-native (= 1.63.0)
    - DoubleConversion
    - glog
    - RCT-Folly (= 2020.01.13.00)
    - React-jsi/Default (= 0.64.3)
  - React-jsi/Default (0.64.3):
    - boost-for-react-native (= 1.63.0)
    - DoubleConversion
    - glog
    - RCT-Folly (= 2020.01.13.00)
  - React-jsiexecutor (0.64.3):
    - DoubleConversion
    - glog
    - RCT-Folly (= 2020.01.13.00)
    - React-cxxreact (= 0.64.3)
    - React-jsi (= 0.64.3)
    - React-perflogger (= 0.64.3)
  - React-jsinspector (0.64.3)
  - react-native-camera (4.2.1):
    - React-Core
    - react-native-camera/RCT (= 4.2.1)
    - react-native-camera/RN (= 4.2.1)
  - react-native-camera/RCT (4.2.1):
    - React-Core
  - react-native-camera/RN (4.2.1):
    - React-Core
  - react-native-create-thumbnail (1.5.1):
    - React-Core
  - react-native-image-picker (4.7.3):
    - React-Core
  - react-native-month-year-picker (1.8.1):
    - React
  - react-native-netinfo (6.2.1):
    - React-Core
  - react-native-orientation-locker (1.4.0):
    - React-Core
  - react-native-safe-area-context (0.7.3):
    - React
  - react-native-simple-toast (1.1.3):
    - React-Core
    - Toast (~> 4.0.0)
  - react-native-slider (3.0.3):
    - React
  - react-native-spinkit (1.4.1):
    - React
  - react-native-tracking-transparency (0.1.1):
    - React
  - react-native-version-check (3.4.2):
    - React
  - react-native-video (5.2.0):
    - React-Core
    - react-native-video/Video (= 5.2.0)
  - react-native-video/Video (5.2.0):
    - React-Core
  - react-native-webview (11.17.2):
    - React-Core
  - React-perflogger (0.64.3)
  - React-RCTActionSheet (0.64.3):
    - React-Core/RCTActionSheetHeaders (= 0.64.3)
  - React-RCTAnimation (0.64.3):
    - FBReactNativeSpec (= 0.64.3)
    - RCT-Folly (= 2020.01.13.00)
    - RCTTypeSafety (= 0.64.3)
    - React-Core/RCTAnimationHeaders (= 0.64.3)
    - React-jsi (= 0.64.3)
    - ReactCommon/turbomodule/core (= 0.64.3)
  - React-RCTBlob (0.64.3):
    - FBReactNativeSpec (= 0.64.3)
    - RCT-Folly (= 2020.01.13.00)
    - React-Core/RCTBlobHeaders (= 0.64.3)
    - React-Core/RCTWebSocket (= 0.64.3)
    - React-jsi (= 0.64.3)
    - React-RCTNetwork (= 0.64.3)
    - ReactCommon/turbomodule/core (= 0.64.3)
  - React-RCTImage (0.64.3):
    - FBReactNativeSpec (= 0.64.3)
    - RCT-Folly (= 2020.01.13.00)
    - RCTTypeSafety (= 0.64.3)
    - React-Core/RCTImageHeaders (= 0.64.3)
    - React-jsi (= 0.64.3)
    - React-RCTNetwork (= 0.64.3)
    - ReactCommon/turbomodule/core (= 0.64.3)
  - React-RCTLinking (0.64.3):
    - FBReactNativeSpec (= 0.64.3)
    - React-Core/RCTLinkingHeaders (= 0.64.3)
    - React-jsi (= 0.64.3)
    - ReactCommon/turbomodule/core (= 0.64.3)
  - React-RCTNetwork (0.64.3):
    - FBReactNativeSpec (= 0.64.3)
    - RCT-Folly (= 2020.01.13.00)
    - RCTTypeSafety (= 0.64.3)
    - React-Core/RCTNetworkHeaders (= 0.64.3)
    - React-jsi (= 0.64.3)
    - ReactCommon/turbomodule/core (= 0.64.3)
  - React-RCTSettings (0.64.3):
    - FBReactNativeSpec (= 0.64.3)
    - RCT-Folly (= 2020.01.13.00)
    - RCTTypeSafety (= 0.64.3)
    - React-Core/RCTSettingsHeaders (= 0.64.3)
    - React-jsi (= 0.64.3)
    - ReactCommon/turbomodule/core (= 0.64.3)
  - React-RCTText (0.64.3):
    - React-Core/RCTTextHeaders (= 0.64.3)
  - React-RCTVibration (0.64.3):
    - FBReactNativeSpec (= 0.64.3)
    - RCT-Folly (= 2020.01.13.00)
    - React-Core/RCTVibrationHeaders (= 0.64.3)
    - React-jsi (= 0.64.3)
    - ReactCommon/turbomodule/core (= 0.64.3)
  - React-runtimeexecutor (0.64.3):
    - React-jsi (= 0.64.3)
  - ReactCommon/turbomodule/core (0.64.3):
    - DoubleConversion
    - glog
    - RCT-Folly (= 2020.01.13.00)
    - React-callinvoker (= 0.64.3)
    - React-Core (= 0.64.3)
    - React-cxxreact (= 0.64.3)
    - React-jsi (= 0.64.3)
    - React-perflogger (= 0.64.3)
  - ReactNativeUiLib (3.41.0):
    - React
  - RNCAsyncStorage (1.12.1):
    - React-Core
  - RNCCheckbox (0.5.12):
    - React-Core
  - RNCMaskedView (0.1.11):
    - React
  - RNDateTimePicker (3.5.2):
    - React-Core
  - RNGestureHandler (1.10.3):
    - React-Core
  - RNLocalize (1.4.3):
    - React-Core
  - RNPermissions (3.3.1):
    - React-Core
  - RNReanimated (1.13.4):
    - React-Core
  - RNScreens (2.18.1):
    - React-Core
  - RNSVG (12.3.0):
    - React-Core
  - RNVectorIcons (6.7.0):
    - React
  - Toast (4.0.0)
  - toolbar-android (0.1.0-rc.2):
    - React
  - Yoga (1.14.0)

DEPENDENCIES:
  - BVLinearGradient (from `../node_modules/react-native-linear-gradient`)
  - DoubleConversion (from `../node_modules/react-native/third-party-podspecs/DoubleConversion.podspec`)
  - FBLazyVector (from `../node_modules/react-native/Libraries/FBLazyVector`)
  - FBReactNativeSpec (from `../node_modules/react-native/React/FBReactNativeSpec`)
  - glog (from `../node_modules/react-native/third-party-podspecs/glog.podspec`)
  - Permission-Calendars (from `../node_modules/react-native-permissions/ios/Calendars`)
  - Permission-Camera (from `../node_modules/react-native-permissions/ios/Camera`)
  - Permission-LocationAccuracy (from `../node_modules/react-native-permissions/ios/LocationAccuracy`)
  - Permission-LocationAlways (from `../node_modules/react-native-permissions/ios/LocationAlways`)
  - Permission-LocationWhenInUse (from `../node_modules/react-native-permissions/ios/LocationWhenInUse`)
  - Permission-MediaLibrary (from `../node_modules/react-native-permissions/ios/MediaLibrary`)
  - Permission-Microphone (from `../node_modules/react-native-permissions/ios/Microphone`)
  - Permission-Notifications (from `../node_modules/react-native-permissions/ios/Notifications`)
  - Permission-PhotoLibrary (from `../node_modules/react-native-permissions/ios/PhotoLibrary`)
  - Permission-PhotoLibraryAddOnly (from `../node_modules/react-native-permissions/ios/PhotoLibraryAddOnly`)
  - RCT-Folly (from `../node_modules/react-native/third-party-podspecs/RCT-Folly.podspec`)
  - RCTRequired (from `../node_modules/react-native/Libraries/RCTRequired`)
  - RCTTypeSafety (from `../node_modules/react-native/Libraries/TypeSafety`)
  - React (from `../node_modules/react-native/`)
  - React-callinvoker (from `../node_modules/react-native/ReactCommon/callinvoker`)
  - React-Core (from `../node_modules/react-native/`)
  - React-Core/DevSupport (from `../node_modules/react-native/`)
  - React-Core/RCTWebSocket (from `../node_modules/react-native/`)
  - React-CoreModules (from `../node_modules/react-native/React/CoreModules`)
  - React-cxxreact (from `../node_modules/react-native/ReactCommon/cxxreact`)
  - React-jsi (from `../node_modules/react-native/ReactCommon/jsi`)
  - React-jsiexecutor (from `../node_modules/react-native/ReactCommon/jsiexecutor`)
  - React-jsinspector (from `../node_modules/react-native/ReactCommon/jsinspector`)
  - react-native-camera (from `../node_modules/react-native-camera`)
  - react-native-create-thumbnail (from `../node_modules/react-native-create-thumbnail`)
  - react-native-image-picker (from `../node_modules/react-native-image-picker`)
  - react-native-month-year-picker (from `../node_modules/react-native-month-year-picker`)
  - "react-native-netinfo (from `../node_modules/@react-native-community/netinfo`)"
  - react-native-orientation-locker (from `../node_modules/react-native-orientation-locker`)
  - react-native-safe-area-context (from `../node_modules/react-native-safe-area-context`)
  - react-native-simple-toast (from `../node_modules/react-native-simple-toast`)
  - "react-native-slider (from `../node_modules/@react-native-community/slider`)"
  - react-native-spinkit (from `../node_modules/react-native-spinkit`)
  - react-native-tracking-transparency (from `../node_modules/react-native-tracking-transparency`)
  - react-native-version-check (from `../node_modules/react-native-version-check`)
  - react-native-video (from `../node_modules/react-native-video`)
  - react-native-webview (from `../node_modules/react-native-webview`)
  - React-perflogger (from `../node_modules/react-native/ReactCommon/reactperflogger`)
  - React-RCTActionSheet (from `../node_modules/react-native/Libraries/ActionSheetIOS`)
  - React-RCTAnimation (from `../node_modules/react-native/Libraries/NativeAnimation`)
  - React-RCTBlob (from `../node_modules/react-native/Libraries/Blob`)
  - React-RCTImage (from `../node_modules/react-native/Libraries/Image`)
  - React-RCTLinking (from `../node_modules/react-native/Libraries/LinkingIOS`)
  - React-RCTNetwork (from `../node_modules/react-native/Libraries/Network`)
  - React-RCTSettings (from `../node_modules/react-native/Libraries/Settings`)
  - React-RCTText (from `../node_modules/react-native/Libraries/Text`)
  - React-RCTVibration (from `../node_modules/react-native/Libraries/Vibration`)
  - React-runtimeexecutor (from `../node_modules/react-native/ReactCommon/runtimeexecutor`)
  - ReactCommon/turbomodule/core (from `../node_modules/react-native/ReactCommon`)
  - ReactNativeUiLib (from `../node_modules/react-native-ui-lib`)
  - "RNCAsyncStorage (from `../node_modules/@react-native-async-storage/async-storage`)"
  - "RNCCheckbox (from `../node_modules/@react-native-community/checkbox`)"
  - "RNCMaskedView (from `../node_modules/@react-native-community/masked-view`)"
  - "RNDateTimePicker (from `../node_modules/@react-native-community/datetimepicker`)"
  - RNGestureHandler (from `../node_modules/react-native-gesture-handler`)
  - RNLocalize (from `../node_modules/react-native-localize`)
  - RNPermissions (from `../node_modules/react-native-permissions`)
  - RNReanimated (from `../node_modules/react-native-reanimated`)
  - RNScreens (from `../node_modules/react-native-screens`)
  - RNSVG (from `../node_modules/react-native-svg`)
  - RNVectorIcons (from `../node_modules/react-native-vector-icons`)
  - "toolbar-android (from `../node_modules/@react-native-community/toolbar-android`)"
  - Yoga (from `../node_modules/react-native/ReactCommon/yoga`)

SPEC REPOS:
  trunk:
    - boost-for-react-native
    - Toast

EXTERNAL SOURCES:
  BVLinearGradient:
    :path: "../node_modules/react-native-linear-gradient"
  DoubleConversion:
    :podspec: "../node_modules/react-native/third-party-podspecs/DoubleConversion.podspec"
  FBLazyVector:
    :path: "../node_modules/react-native/Libraries/FBLazyVector"
  FBReactNativeSpec:
    :path: "../node_modules/react-native/React/FBReactNativeSpec"
  glog:
    :podspec: "../node_modules/react-native/third-party-podspecs/glog.podspec"
  Permission-Calendars:
    :path: "../node_modules/react-native-permissions/ios/Calendars"
  Permission-Camera:
    :path: "../node_modules/react-native-permissions/ios/Camera"
  Permission-LocationAccuracy:
    :path: "../node_modules/react-native-permissions/ios/LocationAccuracy"
  Permission-LocationAlways:
    :path: "../node_modules/react-native-permissions/ios/LocationAlways"
  Permission-LocationWhenInUse:
    :path: "../node_modules/react-native-permissions/ios/LocationWhenInUse"
  Permission-MediaLibrary:
    :path: "../node_modules/react-native-permissions/ios/MediaLibrary"
  Permission-Microphone:
    :path: "../node_modules/react-native-permissions/ios/Microphone"
  Permission-Notifications:
    :path: "../node_modules/react-native-permissions/ios/Notifications"
  Permission-PhotoLibrary:
    :path: "../node_modules/react-native-permissions/ios/PhotoLibrary"
  Permission-PhotoLibraryAddOnly:
    :path: "../node_modules/react-native-permissions/ios/PhotoLibraryAddOnly"
  RCT-Folly:
    :podspec: "../node_modules/react-native/third-party-podspecs/RCT-Folly.podspec"
  RCTRequired:
    :path: "../node_modules/react-native/Libraries/RCTRequired"
  RCTTypeSafety:
    :path: "../node_modules/react-native/Libraries/TypeSafety"
  React:
    :path: "../node_modules/react-native/"
  React-callinvoker:
    :path: "../node_modules/react-native/ReactCommon/callinvoker"
  React-Core:
    :path: "../node_modules/react-native/"
  React-CoreModules:
    :path: "../node_modules/react-native/React/CoreModules"
  React-cxxreact:
    :path: "../node_modules/react-native/ReactCommon/cxxreact"
  React-jsi:
    :path: "../node_modules/react-native/ReactCommon/jsi"
  React-jsiexecutor:
    :path: "../node_modules/react-native/ReactCommon/jsiexecutor"
  React-jsinspector:
    :path: "../node_modules/react-native/ReactCommon/jsinspector"
  react-native-camera:
    :path: "../node_modules/react-native-camera"
  react-native-create-thumbnail:
    :path: "../node_modules/react-native-create-thumbnail"
  react-native-image-picker:
    :path: "../node_modules/react-native-image-picker"
  react-native-month-year-picker:
    :path: "../node_modules/react-native-month-year-picker"
  react-native-netinfo:
    :path: "../node_modules/@react-native-community/netinfo"
  react-native-orientation-locker:
    :path: "../node_modules/react-native-orientation-locker"
  react-native-safe-area-context:
    :path: "../node_modules/react-native-safe-area-context"
  react-native-simple-toast:
    :path: "../node_modules/react-native-simple-toast"
  react-native-slider:
    :path: "../node_modules/@react-native-community/slider"
  react-native-spinkit:
    :path: "../node_modules/react-native-spinkit"
  react-native-tracking-transparency:
    :path: "../node_modules/react-native-tracking-transparency"
  react-native-version-check:
    :path: "../node_modules/react-native-version-check"
  react-native-video:
    :path: "../node_modules/react-native-video"
  react-native-webview:
    :path: "../node_modules/react-native-webview"
  React-perflogger:
    :path: "../node_modules/react-native/ReactCommon/reactperflogger"
  React-RCTActionSheet:
    :path: "../node_modules/react-native/Libraries/ActionSheetIOS"
  React-RCTAnimation:
    :path: "../node_modules/react-native/Libraries/NativeAnimation"
  React-RCTBlob:
    :path: "../node_modules/react-native/Libraries/Blob"
  React-RCTImage:
    :path: "../node_modules/react-native/Libraries/Image"
  React-RCTLinking:
    :path: "../node_modules/react-native/Libraries/LinkingIOS"
  React-RCTNetwork:
    :path: "../node_modules/react-native/Libraries/Network"
  React-RCTSettings:
    :path: "../node_modules/react-native/Libraries/Settings"
  React-RCTText:
    :path: "../node_modules/react-native/Libraries/Text"
  React-RCTVibration:
    :path: "../node_modules/react-native/Libraries/Vibration"
  React-runtimeexecutor:
    :path: "../node_modules/react-native/ReactCommon/runtimeexecutor"
  ReactCommon:
    :path: "../node_modules/react-native/ReactCommon"
  ReactNativeUiLib:
    :path: "../node_modules/react-native-ui-lib"
  RNCAsyncStorage:
    :path: "../node_modules/@react-native-async-storage/async-storage"
  RNCCheckbox:
    :path: "../node_modules/@react-native-community/checkbox"
  RNCMaskedView:
    :path: "../node_modules/@react-native-community/masked-view"
  RNDateTimePicker:
    :path: "../node_modules/@react-native-community/datetimepicker"
  RNGestureHandler:
    :path: "../node_modules/react-native-gesture-handler"
  RNLocalize:
    :path: "../node_modules/react-native-localize"
  RNPermissions:
    :path: "../node_modules/react-native-permissions"
  RNReanimated:
    :path: "../node_modules/react-native-reanimated"
  RNScreens:
    :path: "../node_modules/react-native-screens"
  RNSVG:
    :path: "../node_modules/react-native-svg"
  RNVectorIcons:
    :path: "../node_modules/react-native-vector-icons"
  toolbar-android:
    :path: "../node_modules/@react-native-community/toolbar-android"
  Yoga:
    :path: "../node_modules/react-native/ReactCommon/yoga"

SPEC CHECKSUMS:
  boost-for-react-native: 39c7adb57c4e60d6c5479dd8623128eb5b3f0f2c
  BVLinearGradient: e3aad03778a456d77928f594a649e96995f1c872
  DoubleConversion: cf9b38bf0b2d048436d9a82ad2abe1404f11e7de
  FBLazyVector: c71c5917ec0ad2de41d5d06a5855f6d5eda06971
  FBReactNativeSpec: 4ab4178aeb66c257a02623d7069c8ddf533509ed
  glog: 73c2498ac6884b13ede40eda8228cb1eee9d9d62
  Permission-Calendars: 1a97703f804b86ece328f53fac3683f23ec0df1b
  Permission-Camera: bae27a8503530770c35aadfecbb97ec71823382a
  Permission-LocationAccuracy: 43d7a6b3d736a90168e9fc7117a721ca44722f83
  Permission-LocationAlways: fbf36cbdcabc3101f1168ad1ec45cfc5a6448cc4
  Permission-LocationWhenInUse: 006c85c8de0c05b5d8be8e8029e4f6b813270293
  Permission-MediaLibrary: cbc1ee191cf0fe73282d2b3f197714941783d99d
  Permission-Microphone: 13922195a81b9d46d2df8050c225006eae126d49
  Permission-Notifications: 4b21cfdd5e8aab2cbb1f117aaa17b44e1f5736c4
  Permission-PhotoLibrary: ddb5a158725b29cb12e9e477e8a5f5151c66cc3c
  Permission-PhotoLibraryAddOnly: 104e42dbe894b0fccb370be26dd1b4a3c23578eb
  RCT-Folly: ec7a233ccc97cc556cf7237f0db1ff65b986f27c
  RCTRequired: d34bf57e17cb6e3b2681f4809b13843c021feb6c
  RCTTypeSafety: 8dab4933124ed39bb0c1d88d74d61b1eb950f28f
  React: ef700aeb19afabff83a9cc5799ac955a9c6b5e0f
  React-callinvoker: 5547633d44f3e114b17c03c660ccb5faefd9ed2d
  React-Core: 3858d60185d71567962468bf176d582e36e4e25b
  React-CoreModules: 29b3397adac0c04915cf93089328664868510717
  React-cxxreact: 7e6cc1f4cdfcd40e483dd228fa8a3d3e0ed16f4a
  React-jsi: a8b09c29521c798f1783348b37b511ba7b3dbeb3
  React-jsiexecutor: df6abc9fafbecb8e5b7a5fbc5e6d4bd017d594d5
  React-jsinspector: 34e23860273a23695342f58eed3ffd3ba10c31e0
  react-native-camera: 3eae183c1d111103963f3dd913b65d01aef8110f
  react-native-create-thumbnail: dedcb7cd3d14a4b6cc2026563197242081edb52b
  react-native-image-picker: 4e6008ad8c2321622affa2c85432a5ebd02d480c
  react-native-month-year-picker: 66acab2013309482578a015f01c71e8f2eebb134
  react-native-netinfo: 3d3769f0d65de15c83a9bf1346f8be71de5a24bf
  react-native-orientation-locker: 2da91e5391971dace445495821c899c111dcad7a
  react-native-safe-area-context: e200d4433aba6b7e60b52da5f37af11f7a0b0392
  react-native-simple-toast: bf002828cf816775a6809f7a9ec3907509bce11f
  react-native-slider: e99fc201cefe81270fc9d81714a7a0f5e566b168
  react-native-spinkit: da294fd828216ad211fe36a5c14c1e09f09e62db
  react-native-tracking-transparency: b2029ff756f1128b1f2c7c7c7f3003bc3c950f9f
  react-native-version-check: d8b8900e6ce03ae1568cb22ef9451f2508188883
  react-native-video: a4c2635d0802f983594b7057e1bce8f442f0ad28
  react-native-webview: 380c1a03ec94b7ed764dac8db1e7c9952d08c93a
  React-perflogger: cc76a4254d19640f1d8ad1c66fdee800414b805c
  React-RCTActionSheet: 7448f049318d8d7e8a9a1ebb742ada721757eea8
  React-RCTAnimation: fb9b3fa1a4a9f5e6ab01b3368693ce69860ba76a
  React-RCTBlob: a2e7056601c599c19884992f08ebacae810426f9
  React-RCTImage: 5a46c12327d0d6f6844a1fe38baa92a1e02847e8
  React-RCTLinking: 63dd8305591e1def35267557ed42918aec9eb30b
  React-RCTNetwork: d0516e39a5f736b2bff671c3e03804200161dcd3
  React-RCTSettings: a09566b14f1649f6c8a39ad1a174bb5c0631bb09
  React-RCTText: 04a2f0a281f715f0aed4f515717fafd64510e2c8
  React-RCTVibration: c7f845861e79eae13dc1e8217a3cf47a3945b504
  React-runtimeexecutor: 493d9abb8b23c3f84e19ae221eeba92cadcb70dc
  ReactCommon: 8fea6422328e2fc093e25c9fac67adbcf0f04fb4
  ReactNativeUiLib: 52606c273a072841c6fc5cfc9bd617fc87e5ca15
  RNCAsyncStorage: b03032fdbdb725bea0bd9e5ec5a7272865ae7398
  RNCCheckbox: ed1b4ca295475b41e7251ebae046360a703b6eb5
  RNCMaskedView: 0e1bc4bfa8365eba5fbbb71e07fbdc0555249489
  RNDateTimePicker: 7658208086d86d09e1627b5c34ba0cf237c60140
  RNGestureHandler: a479ebd5ed4221a810967000735517df0d2db211
  RNLocalize: 7c7aeda16c01db7a0918981c14875c0a53be9b79
  RNPermissions: 34d678157c800b25b22a488e4d8babb57456e796
  RNReanimated: c1b56d030d1616239861534d9adb531f8cffab68
  RNScreens: f7ad633b2e0190b77b6a7aab7f914fad6f198d8d
  RNSVG: 302bfc9905bd8122f08966dc2ce2d07b7b52b9f8
  RNVectorIcons: 368d6d8b8301224e5ffb6254191f4f8876c2be0d
  Toast: 91b396c56ee72a5790816f40d3a94dd357abc196
  toolbar-android: 85f3ef4d691469f2d304e7dee4bca013aa1ba1ff
  Yoga: e6ecf3fa25af9d4c87e94ad7d5d292eedef49749

PODFILE CHECKSUM: 1f2bdc13c399d52a8b351a36c4f19bd938374103

COCOAPODS: 1.11.2
